
Microsoft Visual Studio Solution File, Format Version 12.00
# Visual Studio 15
VisualStudioVersion = 15.0.28307.902
MinimumVisualStudioVersion = 10.0.40219.1
Project("{F184B08F-C81C-45F6-A57F-5ABD9991F28F}") = "lab1NetDev", "lab1NetDev\lab1NetDev.vbproj", "{A6F8D97B-3365-4F55-B85B-4EC6AA6F94A5}"
EndProject
Project("{F184B08F-C81C-45F6-A57F-5ABD9991F28F}") = "UnitsShippedAverage", "UnitsShippedAverage\UnitsShippedAverage.vbproj", "{4B347C12-2CD7-4D69-8137-B4FD389A7219}"
EndProject
Global
	GlobalSection(SolutionConfigurationPlatforms) = preSolution
		Debug|Any CPU = Debug|Any CPU
		Release|Any CPU = Release|Any CPU
	EndGlobalSection
	GlobalSection(ProjectConfigurationPlatforms) = postSolution
		{A6F8D97B-3365-4F55-B85B-4EC6AA6F94A5}.Debug|Any CPU.ActiveCfg = Debug|Any CPU
		{A6F8D97B-3365-4F55-B85B-4EC6AA6F94A5}.Debug|Any CPU.Build.0 = Debug|Any CPU
		{A6F8D97B-3365-4F55-B85B-4EC6AA6F94A5}.Release|Any CPU.ActiveCfg = Release|Any CPU
		{A6F8D97B-3365-4F55-B85B-4EC6AA6F94A5}.Release|Any CPU.Build.0 = Release|Any CPU
		{4B347C12-2CD7-4D69-8137-B4FD389A7219}.Debug|Any CPU.ActiveCfg = Debug|Any CPU
		{4B347C12-2CD7-4D69-8137-B4FD389A7219}.Debug|Any CPU.Build.0 = Debug|Any CPU
		{4B347C12-2CD7-4D69-8137-B4FD389A7219}.Release|Any CPU.ActiveCfg = Release|Any CPU
		{4B347C12-2CD7-4D69-8137-B4FD389A7219}.Release|Any CPU.Build.0 = Release|Any CPU
	EndGlobalSection
	GlobalSection(SolutionProperties) = preSolution
		HideSolutionNode = FALSE
	EndGlobalSection
	GlobalSection(ExtensibilityGlobals) = postSolution
		SolutionGuid = {1E5368C2-3504-46DB-B913-EE675A57F482}
	EndGlobalSection
EndGlobal
